
Microsoft Visual Studio Solution File, Format Version 12.00
# Visual Studio 2013
VisualStudioVersion = 12.0.30723.0
MinimumVisualStudioVersion = 10.0.40219.1
Project("{2150E333-8FDC-42A3-9474-1A3956D46DE8}") = ".nuget", ".nuget", "{8FCD8FC6-25C2-4323-8544-6B9B74375C7D}"
	ProjectSection(SolutionItems) = preProject
		.nuget\NuGet.Config = .nuget\NuGet.Config
		.nuget\NuGet.exe = .nuget\NuGet.exe
		.nuget\NuGet.targets = .nuget\NuGet.targets
	EndProjectSection
EndProject
Project("{FAE04EC0-301F-11D3-BF4B-00C04F79EFBC}") = "Bouvet.BouvetBattleRoyale.Applikasjon.WebHost", "Bouvet.BouvetBattleRoyale.Applikasjon.WebHost\Bouvet.BouvetBattleRoyale.Applikasjon.WebHost.csproj", "{48B3CD05-B311-421A-B199-2FAB785487E7}"
EndProject
Project("{FAE04EC0-301F-11D3-BF4B-00C04F79EFBC}") = "Bouvet.BouvetBattleRoyale.Applikasjon.Owin", "Bouvet.BouvetBattleRoyale.Applikasjon.Owin\Bouvet.BouvetBattleRoyale.Applikasjon.Owin.csproj", "{F3AC7CA0-BD38-4195-BB96-FBFF0631AD02}"
	ProjectSection(ProjectDependencies) = postProject
		{BEA4BB17-4E4B-4E53-9488-5397E50B76A7} = {BEA4BB17-4E4B-4E53-9488-5397E50B76A7}
	EndProjectSection
EndProject
Project("{FAE04EC0-301F-11D3-BF4B-00C04F79EFBC}") = "Bouvet.BouvetBattleRoyale.Infrastruktur.Data", "Bouvet.BouvetBattleRoyale.Infrastruktur.Data\Bouvet.BouvetBattleRoyale.Infrastruktur.Data.csproj", "{BEA4BB17-4E4B-4E53-9488-5397E50B76A7}"
EndProject
Project("{FAE04EC0-301F-11D3-BF4B-00C04F79EFBC}") = "Bouvet.BouvetBattleRoyale.Integrasjonstester", "Bouvet.BouvetBattleRoyale.Integrasjonstester\Bouvet.BouvetBattleRoyale.Integrasjonstester.csproj", "{7DE8731C-5369-461E-AF95-602969ACAC4E}"
EndProject
Project("{2150E333-8FDC-42A3-9474-1A3956D46DE8}") = "01 - Tester", "01 - Tester", "{48C547AC-6E5D-4D7D-BD0E-A946210418CE}"
EndProject
Project("{FAE04EC0-301F-11D3-BF4B-00C04F79EFBC}") = "Bouvet.BouvetBattleRoyale.Unittester", "Bouvet.BouvetBattleRoyale.Unittester\Bouvet.BouvetBattleRoyale.Unittests.csproj", "{FD9EC9CC-9D3E-4A76-8C51-58F579B07FB3}"
EndProject
Project("{2150E333-8FDC-42A3-9474-1A3956D46DE8}") = "02 - Verktøy", "02 - Verktøy", "{578BC25E-AC3E-442B-8E6A-4EDA57DF80AD}"
EndProject
Project("{FAE04EC0-301F-11D3-BF4B-00C04F79EFBC}") = "Bouvet.BouvetBattleRoyale.Domene", "Bouvet.BouvetBattleRoyale.Domene\Bouvet.BouvetBattleRoyale.Domene.csproj", "{6D6E80F6-BA84-4195-8BDF-91BCF8EE207E}"
EndProject
Project("{FAE04EC0-301F-11D3-BF4B-00C04F79EFBC}") = "Bouvet.BouvetBattleRoyale.Tjenester", "Bouvet.BouvetBattleRoyale.Tjenester\Bouvet.BouvetBattleRoyale.Tjenester.csproj", "{26DDAC6D-752D-47D2-8061-8FDCAC281FFA}"
EndProject
Project("{FAE04EC0-301F-11D3-BF4B-00C04F79EFBC}") = "Bouvet.BouvetBattleRoyale.SpillOppretter", "Bouvet.BouvetBattleRoyale.SpillOppretter\Bouvet.BouvetBattleRoyale.SpillOppretter.csproj", "{17A89190-399A-48E5-BF75-7BF816E066ED}"
EndProject
Project("{FAE04EC0-301F-11D3-BF4B-00C04F79EFBC}") = "Bouvet.BouvetBattleRoyale.SpillSimulator", "Bouvet.BouvetBattleRoyale.SpillSimulator\Bouvet.BouvetBattleRoyale.SpillSimulator.csproj", "{E1D85B38-DAD2-4C9C-B4D8-B9264D191907}"
EndProject
Project("{FAE04EC0-301F-11D3-BF4B-00C04F79EFBC}") = "Bouvet.BouvetBattleRoyale.Tjenester.SignalR", "Bouvet.BouvetBattleRoyale.Tjenester.SignalR\Bouvet.BouvetBattleRoyale.Tjenester.SignalR.csproj", "{8892A91B-F11B-4B33-B5AC-7D4A363EB631}"
EndProject
Project("{FAE04EC0-301F-11D3-BF4B-00C04F79EFBC}") = "Bouvet.BouvetBattleRoyale.Infrastruktur.Logging", "Bouvet.BouvetBattleRoyale.Infrastruktur.Logging\Bouvet.BouvetBattleRoyale.Infrastruktur.Logging.csproj", "{23369163-CDFA-48EA-875D-918214398D70}"
EndProject
Project("{2150E333-8FDC-42A3-9474-1A3956D46DE8}") = "10 - Applikasjon", "10 - Applikasjon", "{88D4F601-3A37-4545-B2F0-FCDF78D5FA6C}"
EndProject
Project("{2150E333-8FDC-42A3-9474-1A3956D46DE8}") = "30 - Infrastruktur", "30 - Infrastruktur", "{58D00C2C-6C0C-4947-8297-BD91BF2EF031}"
EndProject
Project("{2150E333-8FDC-42A3-9474-1A3956D46DE8}") = "40 - Domene", "40 - Domene", "{ADA91F12-FEA2-4A13-85B8-7F62DB953E23}"
EndProject
Project("{2150E333-8FDC-42A3-9474-1A3956D46DE8}") = "20 - Tjenester", "20 - Tjenester", "{9839CF96-C48C-4E49-9033-2D790CE4FE2C}"
EndProject
Global
	GlobalSection(SolutionConfigurationPlatforms) = preSolution
		Debug|Any CPU = Debug|Any CPU
		Release|Any CPU = Release|Any CPU
	EndGlobalSection
	GlobalSection(ProjectConfigurationPlatforms) = postSolution
		{48B3CD05-B311-421A-B199-2FAB785487E7}.Debug|Any CPU.ActiveCfg = Debug|Any CPU
		{48B3CD05-B311-421A-B199-2FAB785487E7}.Debug|Any CPU.Build.0 = Debug|Any CPU
		{48B3CD05-B311-421A-B199-2FAB785487E7}.Release|Any CPU.ActiveCfg = Release|Any CPU
		{48B3CD05-B311-421A-B199-2FAB785487E7}.Release|Any CPU.Build.0 = Release|Any CPU
		{F3AC7CA0-BD38-4195-BB96-FBFF0631AD02}.Debug|Any CPU.ActiveCfg = Debug|Any CPU
		{F3AC7CA0-BD38-4195-BB96-FBFF0631AD02}.Debug|Any CPU.Build.0 = Debug|Any CPU
		{F3AC7CA0-BD38-4195-BB96-FBFF0631AD02}.Release|Any CPU.ActiveCfg = Release|Any CPU
		{F3AC7CA0-BD38-4195-BB96-FBFF0631AD02}.Release|Any CPU.Build.0 = Release|Any CPU
		{BEA4BB17-4E4B-4E53-9488-5397E50B76A7}.Debug|Any CPU.ActiveCfg = Debug|Any CPU
		{BEA4BB17-4E4B-4E53-9488-5397E50B76A7}.Debug|Any CPU.Build.0 = Debug|Any CPU
		{BEA4BB17-4E4B-4E53-9488-5397E50B76A7}.Release|Any CPU.ActiveCfg = Release|Any CPU
		{BEA4BB17-4E4B-4E53-9488-5397E50B76A7}.Release|Any CPU.Build.0 = Release|Any CPU
		{7DE8731C-5369-461E-AF95-602969ACAC4E}.Debug|Any CPU.ActiveCfg = Debug|Any CPU
		{7DE8731C-5369-461E-AF95-602969ACAC4E}.Debug|Any CPU.Build.0 = Debug|Any CPU
		{7DE8731C-5369-461E-AF95-602969ACAC4E}.Release|Any CPU.ActiveCfg = Release|Any CPU
		{7DE8731C-5369-461E-AF95-602969ACAC4E}.Release|Any CPU.Build.0 = Release|Any CPU
		{FD9EC9CC-9D3E-4A76-8C51-58F579B07FB3}.Debug|Any CPU.ActiveCfg = Debug|Any CPU
		{FD9EC9CC-9D3E-4A76-8C51-58F579B07FB3}.Debug|Any CPU.Build.0 = Debug|Any CPU
		{FD9EC9CC-9D3E-4A76-8C51-58F579B07FB3}.Release|Any CPU.ActiveCfg = Release|Any CPU
		{FD9EC9CC-9D3E-4A76-8C51-58F579B07FB3}.Release|Any CPU.Build.0 = Release|Any CPU
		{6D6E80F6-BA84-4195-8BDF-91BCF8EE207E}.Debug|Any CPU.ActiveCfg = Debug|Any CPU
		{6D6E80F6-BA84-4195-8BDF-91BCF8EE207E}.Debug|Any CPU.Build.0 = Debug|Any CPU
		{6D6E80F6-BA84-4195-8BDF-91BCF8EE207E}.Release|Any CPU.ActiveCfg = Release|Any CPU
		{6D6E80F6-BA84-4195-8BDF-91BCF8EE207E}.Release|Any CPU.Build.0 = Release|Any CPU
		{26DDAC6D-752D-47D2-8061-8FDCAC281FFA}.Debug|Any CPU.ActiveCfg = Debug|Any CPU
		{26DDAC6D-752D-47D2-8061-8FDCAC281FFA}.Debug|Any CPU.Build.0 = Debug|Any CPU
		{26DDAC6D-752D-47D2-8061-8FDCAC281FFA}.Release|Any CPU.ActiveCfg = Release|Any CPU
		{26DDAC6D-752D-47D2-8061-8FDCAC281FFA}.Release|Any CPU.Build.0 = Release|Any CPU
		{17A89190-399A-48E5-BF75-7BF816E066ED}.Debug|Any CPU.ActiveCfg = Debug|Any CPU
		{17A89190-399A-48E5-BF75-7BF816E066ED}.Debug|Any CPU.Build.0 = Debug|Any CPU
		{17A89190-399A-48E5-BF75-7BF816E066ED}.Release|Any CPU.ActiveCfg = Release|Any CPU
		{17A89190-399A-48E5-BF75-7BF816E066ED}.Release|Any CPU.Build.0 = Release|Any CPU
		{E1D85B38-DAD2-4C9C-B4D8-B9264D191907}.Debug|Any CPU.ActiveCfg = Debug|Any CPU
		{E1D85B38-DAD2-4C9C-B4D8-B9264D191907}.Debug|Any CPU.Build.0 = Debug|Any CPU
		{E1D85B38-DAD2-4C9C-B4D8-B9264D191907}.Release|Any CPU.ActiveCfg = Release|Any CPU
		{E1D85B38-DAD2-4C9C-B4D8-B9264D191907}.Release|Any CPU.Build.0 = Release|Any CPU
		{8892A91B-F11B-4B33-B5AC-7D4A363EB631}.Debug|Any CPU.ActiveCfg = Debug|Any CPU
		{8892A91B-F11B-4B33-B5AC-7D4A363EB631}.Debug|Any CPU.Build.0 = Debug|Any CPU
		{8892A91B-F11B-4B33-B5AC-7D4A363EB631}.Release|Any CPU.ActiveCfg = Release|Any CPU
		{8892A91B-F11B-4B33-B5AC-7D4A363EB631}.Release|Any CPU.Build.0 = Release|Any CPU
		{23369163-CDFA-48EA-875D-918214398D70}.Debug|Any CPU.ActiveCfg = Debug|Any CPU
		{23369163-CDFA-48EA-875D-918214398D70}.Debug|Any CPU.Build.0 = Debug|Any CPU
		{23369163-CDFA-48EA-875D-918214398D70}.Release|Any CPU.ActiveCfg = Release|Any CPU
		{23369163-CDFA-48EA-875D-918214398D70}.Release|Any CPU.Build.0 = Release|Any CPU
	EndGlobalSection
	GlobalSection(SolutionProperties) = preSolution
		HideSolutionNode = FALSE
	EndGlobalSection
	GlobalSection(NestedProjects) = preSolution
		{48B3CD05-B311-421A-B199-2FAB785487E7} = {88D4F601-3A37-4545-B2F0-FCDF78D5FA6C}
		{F3AC7CA0-BD38-4195-BB96-FBFF0631AD02} = {88D4F601-3A37-4545-B2F0-FCDF78D5FA6C}
		{BEA4BB17-4E4B-4E53-9488-5397E50B76A7} = {58D00C2C-6C0C-4947-8297-BD91BF2EF031}
		{7DE8731C-5369-461E-AF95-602969ACAC4E} = {48C547AC-6E5D-4D7D-BD0E-A946210418CE}
		{FD9EC9CC-9D3E-4A76-8C51-58F579B07FB3} = {48C547AC-6E5D-4D7D-BD0E-A946210418CE}
		{6D6E80F6-BA84-4195-8BDF-91BCF8EE207E} = {ADA91F12-FEA2-4A13-85B8-7F62DB953E23}
		{26DDAC6D-752D-47D2-8061-8FDCAC281FFA} = {9839CF96-C48C-4E49-9033-2D790CE4FE2C}
		{17A89190-399A-48E5-BF75-7BF816E066ED} = {578BC25E-AC3E-442B-8E6A-4EDA57DF80AD}
		{E1D85B38-DAD2-4C9C-B4D8-B9264D191907} = {578BC25E-AC3E-442B-8E6A-4EDA57DF80AD}
		{8892A91B-F11B-4B33-B5AC-7D4A363EB631} = {9839CF96-C48C-4E49-9033-2D790CE4FE2C}
		{23369163-CDFA-48EA-875D-918214398D70} = {58D00C2C-6C0C-4947-8297-BD91BF2EF031}
	EndGlobalSection
EndGlobal
